// !$*UTF8*$!
{
	archiveVersion = 1;
	classes = {
	};
	objectVersion = 50;
	objects = {

/* Begin PBXFileReference section */
		B620153F22DEACF900390B33 /* IBView.swift */ = {isa = PBXFileReference; lastKnownFileType = sourcecode.swift; path = IBView.swift; sourceTree = "<group>"; };
		B620154022DEAD0900390B33 /* IBLabel.swift */ = {isa = PBXFileReference; lastKnownFileType = sourcecode.swift; path = IBLabel.swift; sourceTree = "<group>"; };
/* End PBXFileReference section */

/* Begin PBXGroup section */
		B620153822DEACB000390B33 = {
			isa = PBXGroup;
			children = (
				B620153F22DEACF900390B33 /* IBView.swift */,
				B620154022DEAD0900390B33 /* IBLabel.swift */,
			);
			sourceTree = "<group>";
		};
/* End PBXGroup section */

/* Begin PBXProject section */
		B620153922DEACB000390B33 /* Project object */ = {
			isa = PBXProject;
			attributes = {
				LastUpgradeCheck = 1020;
			};
			buildConfigurationList = B620153C22DEACB000390B33 /* Build configuration list for PBXProject "IBExtension" */;
			compatibilityVersion = "Xcode 9.3";
			developmentRegion = en;
			hasScannedForEncodings = 0;
			knownRegions = (
				en,
			);
			mainGroup = B620153822DEACB000390B33;
			projectDirPath = "";
			projectRoot = "";
			targets = (
			);
		};
/* End PBXProject section */

/* Begin XCBuildConfiguration section */
		B620153D22DEACB000390B33 /* Debug */ = {
			isa = XCBuildConfiguration;
			buildSettings = {
			};
			name = Debug;
		};
		B620153E22DEACB000390B33 /* Release */ = {
			isa = XCBuildConfiguration;
			buildSettings = {
			};
			name = Release;
		};
/* End XCBuildConfiguration section */

/* Begin XCConfigurationList section */
		B620153C22DEACB000390B33 /* Build configuration list for PBXProject "IBExtension" */ = {
			isa = XCConfigurationList;
			buildConfigurations = (
				B620153D22DEACB000390B33 /* Debug */,
				B620153E22DEACB000390B33 /* Release */,
			);
			defaultConfigurationIsVisible = 0;
			defaultConfigurationName = Release;
		};
/* End XCConfigurationList section */
	};
	rootObject = B620153922DEACB000390B33 /* Project object */;
}
